
Microsoft Visual Studio Solution File, Format Version 12.00
# Visual Studio 15
VisualStudioVersion = 15.0.28010.2016
MinimumVisualStudioVersion = 10.0.40219.1
Project("{FAE04EC0-301F-11D3-BF4B-00C04F79EFBC}") = "program1", "program1\program1.csproj", "{AFEED3A9-2BCD-45CA-82A8-FECF352309AF}"
EndProject
Global
	GlobalSection(SolutionConfigurationPlatforms) = preSolution
		Debug|Any CPU = Debug|Any CPU
		Release|Any CPU = Release|Any CPU
	EndGlobalSection
	GlobalSection(ProjectConfigurationPlatforms) = postSolution
		{AFEED3A9-2BCD-45CA-82A8-FECF352309AF}.Debug|Any CPU.ActiveCfg = Debug|Any CPU
		{AFEED3A9-2BCD-45CA-82A8-FECF352309AF}.Debug|Any CPU.Build.0 = Debug|Any CPU
		{AFEED3A9-2BCD-45CA-82A8-FECF352309AF}.Release|Any CPU.ActiveCfg = Release|Any CPU
		{AFEED3A9-2BCD-45CA-82A8-FECF352309AF}.Release|Any CPU.Build.0 = Release|Any CPU
	EndGlobalSection
	GlobalSection(SolutionProperties) = preSolution
		HideSolutionNode = FALSE
	EndGlobalSection
	GlobalSection(ExtensibilityGlobals) = postSolution
		SolutionGuid = {526BB37F-0549-438F-9682-3E8B14A936D7}
	EndGlobalSection
EndGlobal
